
Microsoft Visual Studio Solution File, Format Version 12.00
# Visual Studio Version 17
VisualStudioVersion = 17.5.002.0
MinimumVisualStudioVersion = 10.0.40219.1
Project("{9A19103F-16F7-4668-BE54-9A1E7A4F7556}") = "Domain", "Domain\Domain.csproj", "{370DB2CB-76AB-43BC-ADD0-EFCA7D7B04B0}"
EndProject
Project("{9A19103F-16F7-4668-BE54-9A1E7A4F7556}") = "Infrastructure", "Infrastructure\Infrastructure.csproj", "{B18A13A1-6241-4966-AAA0-C7488A27A2A1}"
EndProject
Project("{9A19103F-16F7-4668-BE54-9A1E7A4F7556}") = "MainApp", "MainApp\MainApp.csproj", "{FF6898F4-664C-422A-B14E-F90F2488A1A3}"
EndProject
Global
	GlobalSection(SolutionConfigurationPlatforms) = preSolution
		Debug|Any CPU = Debug|Any CPU
		Release|Any CPU = Release|Any CPU
	EndGlobalSection
	GlobalSection(ProjectConfigurationPlatforms) = postSolution
		{370DB2CB-76AB-43BC-ADD0-EFCA7D7B04B0}.Debug|Any CPU.ActiveCfg = Debug|Any CPU
		{370DB2CB-76AB-43BC-ADD0-EFCA7D7B04B0}.Debug|Any CPU.Build.0 = Debug|Any CPU
		{370DB2CB-76AB-43BC-ADD0-EFCA7D7B04B0}.Release|Any CPU.ActiveCfg = Release|Any CPU
		{370DB2CB-76AB-43BC-ADD0-EFCA7D7B04B0}.Release|Any CPU.Build.0 = Release|Any CPU
		{B18A13A1-6241-4966-AAA0-C7488A27A2A1}.Debug|Any CPU.ActiveCfg = Debug|Any CPU
		{B18A13A1-6241-4966-AAA0-C7488A27A2A1}.Debug|Any CPU.Build.0 = Debug|Any CPU
		{B18A13A1-6241-4966-AAA0-C7488A27A2A1}.Release|Any CPU.ActiveCfg = Release|Any CPU
		{B18A13A1-6241-4966-AAA0-C7488A27A2A1}.Release|Any CPU.Build.0 = Release|Any CPU
		{FF6898F4-664C-422A-B14E-F90F2488A1A3}.Debug|Any CPU.ActiveCfg = Debug|Any CPU
		{FF6898F4-664C-422A-B14E-F90F2488A1A3}.Debug|Any CPU.Build.0 = Debug|Any CPU
		{FF6898F4-664C-422A-B14E-F90F2488A1A3}.Release|Any CPU.ActiveCfg = Release|Any CPU
		{FF6898F4-664C-422A-B14E-F90F2488A1A3}.Release|Any CPU.Build.0 = Release|Any CPU
	EndGlobalSection
	GlobalSection(SolutionProperties) = preSolution
		HideSolutionNode = FALSE
	EndGlobalSection
	GlobalSection(ExtensibilityGlobals) = postSolution
		SolutionGuid = {EE38FBCF-87A5-4A4E-A235-DAFC8C81A728}
	EndGlobalSection
EndGlobal
